
Microsoft Visual Studio Solution File, Format Version 12.00
# Visual Studio 15
VisualStudioVersion = 15.0.28010.2041
MinimumVisualStudioVersion = 10.0.40219.1
Project("{FAE04EC0-301F-11D3-BF4B-00C04F79EFBC}") = "DepositoDeAlimentos", "DepositoDeAlimentos\DepositoDeAlimentos.csproj", "{62D23393-6EF4-4620-A8A4-FAFCB90A6460}"
EndProject
Global
	GlobalSection(SolutionConfigurationPlatforms) = preSolution
		Debug|Any CPU = Debug|Any CPU
		Release|Any CPU = Release|Any CPU
	EndGlobalSection
	GlobalSection(ProjectConfigurationPlatforms) = postSolution
		{62D23393-6EF4-4620-A8A4-FAFCB90A6460}.Debug|Any CPU.ActiveCfg = Debug|Any CPU
		{62D23393-6EF4-4620-A8A4-FAFCB90A6460}.Debug|Any CPU.Build.0 = Debug|Any CPU
		{62D23393-6EF4-4620-A8A4-FAFCB90A6460}.Release|Any CPU.ActiveCfg = Release|Any CPU
		{62D23393-6EF4-4620-A8A4-FAFCB90A6460}.Release|Any CPU.Build.0 = Release|Any CPU
	EndGlobalSection
	GlobalSection(SolutionProperties) = preSolution
		HideSolutionNode = FALSE
	EndGlobalSection
	GlobalSection(ExtensibilityGlobals) = postSolution
		SolutionGuid = {2D4CB1C7-1F0B-4BE2-B034-9EA0DA96D744}
	EndGlobalSection
EndGlobal
