
Microsoft Visual Studio Solution File, Format Version 12.00
# Visual Studio 15
VisualStudioVersion = 15.0.28010.2016
MinimumVisualStudioVersion = 10.0.40219.1
Project("{FAE04EC0-301F-11D3-BF4B-00C04F79EFBC}") = "Consultorio", "Consultorio\Consultorio.csproj", "{72419EE7-1A4B-41BD-B5CF-300720E4072B}"
EndProject
Global
	GlobalSection(SolutionConfigurationPlatforms) = preSolution
		Debug|Any CPU = Debug|Any CPU
		Release|Any CPU = Release|Any CPU
	EndGlobalSection
	GlobalSection(ProjectConfigurationPlatforms) = postSolution
		{72419EE7-1A4B-41BD-B5CF-300720E4072B}.Debug|Any CPU.ActiveCfg = Debug|Any CPU
		{72419EE7-1A4B-41BD-B5CF-300720E4072B}.Debug|Any CPU.Build.0 = Debug|Any CPU
		{72419EE7-1A4B-41BD-B5CF-300720E4072B}.Release|Any CPU.ActiveCfg = Release|Any CPU
		{72419EE7-1A4B-41BD-B5CF-300720E4072B}.Release|Any CPU.Build.0 = Release|Any CPU
	EndGlobalSection
	GlobalSection(SolutionProperties) = preSolution
		HideSolutionNode = FALSE
	EndGlobalSection
	GlobalSection(ExtensibilityGlobals) = postSolution
		SolutionGuid = {81D70472-0C9B-479F-AB65-EE010FB02DDA}
	EndGlobalSection
EndGlobal
