
Microsoft Visual Studio Solution File, Format Version 12.00
# Visual Studio 15
VisualStudioVersion = 15.0.27703.2035
MinimumVisualStudioVersion = 10.0.40219.1
Project("{FAE04EC0-301F-11D3-BF4B-00C04F79EFBC}") = "Consultorio.Modelo", "Consultorio.Modelo\Consultorio.Modelo.csproj", "{F67F12FE-71E1-4FB5-BF13-DFDD1C057533}"
EndProject
Global
	GlobalSection(SolutionConfigurationPlatforms) = preSolution
		Debug|Any CPU = Debug|Any CPU
		Release|Any CPU = Release|Any CPU
	EndGlobalSection
	GlobalSection(ProjectConfigurationPlatforms) = postSolution
		{F67F12FE-71E1-4FB5-BF13-DFDD1C057533}.Debug|Any CPU.ActiveCfg = Debug|Any CPU
		{F67F12FE-71E1-4FB5-BF13-DFDD1C057533}.Debug|Any CPU.Build.0 = Debug|Any CPU
		{F67F12FE-71E1-4FB5-BF13-DFDD1C057533}.Release|Any CPU.ActiveCfg = Release|Any CPU
		{F67F12FE-71E1-4FB5-BF13-DFDD1C057533}.Release|Any CPU.Build.0 = Release|Any CPU
	EndGlobalSection
	GlobalSection(SolutionProperties) = preSolution
		HideSolutionNode = FALSE
	EndGlobalSection
	GlobalSection(ExtensibilityGlobals) = postSolution
		SolutionGuid = {3F5047E4-5165-4B54-9D0B-810F065BC52F}
	EndGlobalSection
EndGlobal
